
Microsoft Visual Studio Solution File, Format Version 12.00
# Visual Studio Version 16
VisualStudioVersion = 16.0.32106.194
MinimumVisualStudioVersion = 10.0.40219.1
Project("{FAE04EC0-301F-11D3-BF4B-00C04F79EFBC}") = "Semaforo", "Semaforo.csproj", "{CCFEB6A5-AF3A-435F-BE3D-3DC054C571EA}"
EndProject
Global
	GlobalSection(SolutionConfigurationPlatforms) = preSolution
		Debug|Any CPU = Debug|Any CPU
		Release|Any CPU = Release|Any CPU
	EndGlobalSection
	GlobalSection(ProjectConfigurationPlatforms) = postSolution
		{CCFEB6A5-AF3A-435F-BE3D-3DC054C571EA}.Debug|Any CPU.ActiveCfg = Debug|Any CPU
		{CCFEB6A5-AF3A-435F-BE3D-3DC054C571EA}.Debug|Any CPU.Build.0 = Debug|Any CPU
		{CCFEB6A5-AF3A-435F-BE3D-3DC054C571EA}.Release|Any CPU.ActiveCfg = Release|Any CPU
		{CCFEB6A5-AF3A-435F-BE3D-3DC054C571EA}.Release|Any CPU.Build.0 = Release|Any CPU
	EndGlobalSection
	GlobalSection(SolutionProperties) = preSolution
		HideSolutionNode = FALSE
	EndGlobalSection
	GlobalSection(ExtensibilityGlobals) = postSolution
		SolutionGuid = {257FC3DB-CE8E-46EF-9474-4F669CF76FAA}
	EndGlobalSection
EndGlobal
